
Microsoft Visual Studio Solution File, Format Version 12.00
# Visual Studio 2013
VisualStudioVersion = 12.0.21005.1
MinimumVisualStudioVersion = 10.0.40219.1
Project("{FAE04EC0-301F-11D3-BF4B-00C04F79EFBC}") = "PreviewHandler", "PreviewHandler\PreviewHandler.csproj", "{5C519732-8666-4430-9FE2-FFD9C64979FB}"
EndProject
Global
	GlobalSection(SolutionConfigurationPlatforms) = preSolution
		Debug|Any CPU = Debug|Any CPU
		Debug|Mixed Platforms = Debug|Mixed Platforms
		Debug|Win32 = Debug|Win32
		Debug|x64 = Debug|x64
		Debug|x86 = Debug|x86
		Release|Any CPU = Release|Any CPU
		Release|Mixed Platforms = Release|Mixed Platforms
		Release|Win32 = Release|Win32
		Release|x64 = Release|x64
		Release|x86 = Release|x86
	EndGlobalSection
	GlobalSection(ProjectConfigurationPlatforms) = postSolution
		{5C519732-8666-4430-9FE2-FFD9C64979FB}.Debug|Any CPU.ActiveCfg = Debug|Any CPU
		{5C519732-8666-4430-9FE2-FFD9C64979FB}.Debug|Any CPU.Build.0 = Debug|Any CPU
		{5C519732-8666-4430-9FE2-FFD9C64979FB}.Debug|Mixed Platforms.ActiveCfg = Debug|Any CPU
		{5C519732-8666-4430-9FE2-FFD9C64979FB}.Debug|Mixed Platforms.Build.0 = Debug|Any CPU
		{5C519732-8666-4430-9FE2-FFD9C64979FB}.Debug|Win32.ActiveCfg = Debug|x86
		{5C519732-8666-4430-9FE2-FFD9C64979FB}.Debug|Win32.Build.0 = Debug|x86
		{5C519732-8666-4430-9FE2-FFD9C64979FB}.Debug|x64.ActiveCfg = Debug|x64
		{5C519732-8666-4430-9FE2-FFD9C64979FB}.Debug|x64.Build.0 = Debug|x64
		{5C519732-8666-4430-9FE2-FFD9C64979FB}.Debug|x86.ActiveCfg = Debug|x86
		{5C519732-8666-4430-9FE2-FFD9C64979FB}.Debug|x86.Build.0 = Debug|x86
		{5C519732-8666-4430-9FE2-FFD9C64979FB}.Release|Any CPU.ActiveCfg = Release|Any CPU
		{5C519732-8666-4430-9FE2-FFD9C64979FB}.Release|Any CPU.Build.0 = Release|Any CPU
		{5C519732-8666-4430-9FE2-FFD9C64979FB}.Release|Mixed Platforms.ActiveCfg = Release|x86
		{5C519732-8666-4430-9FE2-FFD9C64979FB}.Release|Mixed Platforms.Build.0 = Release|x86
		{5C519732-8666-4430-9FE2-FFD9C64979FB}.Release|Win32.ActiveCfg = Release|x86
		{5C519732-8666-4430-9FE2-FFD9C64979FB}.Release|Win32.Build.0 = Release|x86
		{5C519732-8666-4430-9FE2-FFD9C64979FB}.Release|x64.ActiveCfg = Release|x64
		{5C519732-8666-4430-9FE2-FFD9C64979FB}.Release|x64.Build.0 = Release|x64
		{5C519732-8666-4430-9FE2-FFD9C64979FB}.Release|x86.ActiveCfg = Release|x86
		{5C519732-8666-4430-9FE2-FFD9C64979FB}.Release|x86.Build.0 = Release|x86
	EndGlobalSection
	GlobalSection(SolutionProperties) = preSolution
		HideSolutionNode = FALSE
	EndGlobalSection
EndGlobal
